
Microsoft Visual Studio Solution File, Format Version 12.00
# Visual Studio Version 16
VisualStudioVersion = 16.0.31829.152
MinimumVisualStudioVersion = 10.0.40219.1
Project("{FAE04EC0-301F-11D3-BF4B-00C04F79EFBC}") = "Labb 5 – Generic class", "Labb 5 – Generic class\Labb 5 – Generic class.csproj", "{B3A1D879-285A-4B43-BB12-70B1AC634617}"
EndProject
Global
	GlobalSection(SolutionConfigurationPlatforms) = preSolution
		Debug|Any CPU = Debug|Any CPU
		Release|Any CPU = Release|Any CPU
	EndGlobalSection
	GlobalSection(ProjectConfigurationPlatforms) = postSolution
		{B3A1D879-285A-4B43-BB12-70B1AC634617}.Debug|Any CPU.ActiveCfg = Debug|Any CPU
		{B3A1D879-285A-4B43-BB12-70B1AC634617}.Debug|Any CPU.Build.0 = Debug|Any CPU
		{B3A1D879-285A-4B43-BB12-70B1AC634617}.Release|Any CPU.ActiveCfg = Release|Any CPU
		{B3A1D879-285A-4B43-BB12-70B1AC634617}.Release|Any CPU.Build.0 = Release|Any CPU
	EndGlobalSection
	GlobalSection(SolutionProperties) = preSolution
		HideSolutionNode = FALSE
	EndGlobalSection
	GlobalSection(ExtensibilityGlobals) = postSolution
		SolutionGuid = {2FD2CEE2-4EF3-4D97-BC67-455BF3BA0EAB}
	EndGlobalSection
EndGlobal
